
Microsoft Visual Studio Solution File, Format Version 12.00
# Visual Studio Version 16
VisualStudioVersion = 16.0.30523.141
MinimumVisualStudioVersion = 10.0.40219.1
Project("{9A19103F-16F7-4668-BE54-9A1E7A4F7556}") = "WebAPI", "WebAPI\WebAPI.csproj", "{B825CEB6-DFCA-4C83-B7F1-F9ECD3169235}"
EndProject
Project("{FAE04EC0-301F-11D3-BF4B-00C04F79EFBC}") = "Pintea_Ionica_Laborator12.Android", "Pintea_Ionica_Laborator12\Pintea_Ionica_Laborator12.Android\Pintea_Ionica_Laborator12.Android.csproj", "{2AAC110A-E6C0-451C-9F68-96CB0371201D}"
EndProject
Project("{FAE04EC0-301F-11D3-BF4B-00C04F79EFBC}") = "Pintea_Ionica_Laborator12.iOS", "Pintea_Ionica_Laborator12\Pintea_Ionica_Laborator12.iOS\Pintea_Ionica_Laborator12.iOS.csproj", "{535C7B13-7DE1-4969-A26E-A47A009EE9E1}"
EndProject
Project("{FAE04EC0-301F-11D3-BF4B-00C04F79EFBC}") = "Pintea_Ionica_Laborator12", "Pintea_Ionica_Laborator12\Pintea_Ionica_Laborator12\Pintea_Ionica_Laborator12.csproj", "{92BD381D-9530-4933-BB57-1A384CC0E16D}"
EndProject
Global
	GlobalSection(SolutionConfigurationPlatforms) = preSolution
		Debug|Any CPU = Debug|Any CPU
		Debug|iPhone = Debug|iPhone
		Debug|iPhoneSimulator = Debug|iPhoneSimulator
		Release|Any CPU = Release|Any CPU
		Release|iPhone = Release|iPhone
		Release|iPhoneSimulator = Release|iPhoneSimulator
	EndGlobalSection
	GlobalSection(ProjectConfigurationPlatforms) = postSolution
		{B825CEB6-DFCA-4C83-B7F1-F9ECD3169235}.Debug|Any CPU.ActiveCfg = Debug|Any CPU
		{B825CEB6-DFCA-4C83-B7F1-F9ECD3169235}.Debug|Any CPU.Build.0 = Debug|Any CPU
		{B825CEB6-DFCA-4C83-B7F1-F9ECD3169235}.Debug|iPhone.ActiveCfg = Debug|Any CPU
		{B825CEB6-DFCA-4C83-B7F1-F9ECD3169235}.Debug|iPhone.Build.0 = Debug|Any CPU
		{B825CEB6-DFCA-4C83-B7F1-F9ECD3169235}.Debug|iPhoneSimulator.ActiveCfg = Debug|Any CPU
		{B825CEB6-DFCA-4C83-B7F1-F9ECD3169235}.Debug|iPhoneSimulator.Build.0 = Debug|Any CPU
		{B825CEB6-DFCA-4C83-B7F1-F9ECD3169235}.Release|Any CPU.ActiveCfg = Release|Any CPU
		{B825CEB6-DFCA-4C83-B7F1-F9ECD3169235}.Release|Any CPU.Build.0 = Release|Any CPU
		{B825CEB6-DFCA-4C83-B7F1-F9ECD3169235}.Release|iPhone.ActiveCfg = Release|Any CPU
		{B825CEB6-DFCA-4C83-B7F1-F9ECD3169235}.Release|iPhone.Build.0 = Release|Any CPU
		{B825CEB6-DFCA-4C83-B7F1-F9ECD3169235}.Release|iPhoneSimulator.ActiveCfg = Release|Any CPU
		{B825CEB6-DFCA-4C83-B7F1-F9ECD3169235}.Release|iPhoneSimulator.Build.0 = Release|Any CPU
		{2AAC110A-E6C0-451C-9F68-96CB0371201D}.Debug|Any CPU.ActiveCfg = Debug|Any CPU
		{2AAC110A-E6C0-451C-9F68-96CB0371201D}.Debug|Any CPU.Build.0 = Debug|Any CPU
		{2AAC110A-E6C0-451C-9F68-96CB0371201D}.Debug|Any CPU.Deploy.0 = Debug|Any CPU
		{2AAC110A-E6C0-451C-9F68-96CB0371201D}.Debug|iPhone.ActiveCfg = Debug|Any CPU
		{2AAC110A-E6C0-451C-9F68-96CB0371201D}.Debug|iPhone.Build.0 = Debug|Any CPU
		{2AAC110A-E6C0-451C-9F68-96CB0371201D}.Debug|iPhone.Deploy.0 = Debug|Any CPU
		{2AAC110A-E6C0-451C-9F68-96CB0371201D}.Debug|iPhoneSimulator.ActiveCfg = Debug|Any CPU
		{2AAC110A-E6C0-451C-9F68-96CB0371201D}.Debug|iPhoneSimulator.Build.0 = Debug|Any CPU
		{2AAC110A-E6C0-451C-9F68-96CB0371201D}.Debug|iPhoneSimulator.Deploy.0 = Debug|Any CPU
		{2AAC110A-E6C0-451C-9F68-96CB0371201D}.Release|Any CPU.ActiveCfg = Release|Any CPU
		{2AAC110A-E6C0-451C-9F68-96CB0371201D}.Release|Any CPU.Build.0 = Release|Any CPU
		{2AAC110A-E6C0-451C-9F68-96CB0371201D}.Release|Any CPU.Deploy.0 = Release|Any CPU
		{2AAC110A-E6C0-451C-9F68-96CB0371201D}.Release|iPhone.ActiveCfg = Release|Any CPU
		{2AAC110A-E6C0-451C-9F68-96CB0371201D}.Release|iPhone.Build.0 = Release|Any CPU
		{2AAC110A-E6C0-451C-9F68-96CB0371201D}.Release|iPhone.Deploy.0 = Release|Any CPU
		{2AAC110A-E6C0-451C-9F68-96CB0371201D}.Release|iPhoneSimulator.ActiveCfg = Release|Any CPU
		{2AAC110A-E6C0-451C-9F68-96CB0371201D}.Release|iPhoneSimulator.Build.0 = Release|Any CPU
		{2AAC110A-E6C0-451C-9F68-96CB0371201D}.Release|iPhoneSimulator.Deploy.0 = Release|Any CPU
		{535C7B13-7DE1-4969-A26E-A47A009EE9E1}.Debug|Any CPU.ActiveCfg = Debug|iPhoneSimulator
		{535C7B13-7DE1-4969-A26E-A47A009EE9E1}.Debug|iPhone.ActiveCfg = Debug|iPhone
		{535C7B13-7DE1-4969-A26E-A47A009EE9E1}.Debug|iPhone.Build.0 = Debug|iPhone
		{535C7B13-7DE1-4969-A26E-A47A009EE9E1}.Debug|iPhoneSimulator.ActiveCfg = Debug|iPhoneSimulator
		{535C7B13-7DE1-4969-A26E-A47A009EE9E1}.Debug|iPhoneSimulator.Build.0 = Debug|iPhoneSimulator
		{535C7B13-7DE1-4969-A26E-A47A009EE9E1}.Release|Any CPU.ActiveCfg = Release|iPhoneSimulator
		{535C7B13-7DE1-4969-A26E-A47A009EE9E1}.Release|iPhone.ActiveCfg = Release|iPhone
		{535C7B13-7DE1-4969-A26E-A47A009EE9E1}.Release|iPhone.Build.0 = Release|iPhone
		{535C7B13-7DE1-4969-A26E-A47A009EE9E1}.Release|iPhoneSimulator.ActiveCfg = Release|iPhoneSimulator
		{535C7B13-7DE1-4969-A26E-A47A009EE9E1}.Release|iPhoneSimulator.Build.0 = Release|iPhoneSimulator
		{92BD381D-9530-4933-BB57-1A384CC0E16D}.Debug|Any CPU.ActiveCfg = Debug|Any CPU
		{92BD381D-9530-4933-BB57-1A384CC0E16D}.Debug|Any CPU.Build.0 = Debug|Any CPU
		{92BD381D-9530-4933-BB57-1A384CC0E16D}.Debug|iPhone.ActiveCfg = Debug|Any CPU
		{92BD381D-9530-4933-BB57-1A384CC0E16D}.Debug|iPhone.Build.0 = Debug|Any CPU
		{92BD381D-9530-4933-BB57-1A384CC0E16D}.Debug|iPhoneSimulator.ActiveCfg = Debug|Any CPU
		{92BD381D-9530-4933-BB57-1A384CC0E16D}.Debug|iPhoneSimulator.Build.0 = Debug|Any CPU
		{92BD381D-9530-4933-BB57-1A384CC0E16D}.Release|Any CPU.ActiveCfg = Release|Any CPU
		{92BD381D-9530-4933-BB57-1A384CC0E16D}.Release|Any CPU.Build.0 = Release|Any CPU
		{92BD381D-9530-4933-BB57-1A384CC0E16D}.Release|iPhone.ActiveCfg = Release|Any CPU
		{92BD381D-9530-4933-BB57-1A384CC0E16D}.Release|iPhone.Build.0 = Release|Any CPU
		{92BD381D-9530-4933-BB57-1A384CC0E16D}.Release|iPhoneSimulator.ActiveCfg = Release|Any CPU
		{92BD381D-9530-4933-BB57-1A384CC0E16D}.Release|iPhoneSimulator.Build.0 = Release|Any CPU
	EndGlobalSection
	GlobalSection(SolutionProperties) = preSolution
		HideSolutionNode = FALSE
	EndGlobalSection
	GlobalSection(ExtensibilityGlobals) = postSolution
		SolutionGuid = {66591CA3-C1CB-4BD7-84DF-FD85FC03DAF9}
	EndGlobalSection
EndGlobal
